
Microsoft Visual Studio Solution File, Format Version 12.00
# Visual Studio Version 17
VisualStudioVersion = 17.6.33712.159
MinimumVisualStudioVersion = 10.0.40219.1
Project("{8BC9CEB8-8B4A-11D0-8D11-00A0C91BC942}") = "Project 1", "Project 1\Project 1.vcxproj", "{4719A871-5577-4020-BF2A-01FD4F32410E}"
EndProject
Global
	GlobalSection(SolutionConfigurationPlatforms) = preSolution
		Debug|x64 = Debug|x64
		Debug|x86 = Debug|x86
		Release|x64 = Release|x64
		Release|x86 = Release|x86
	EndGlobalSection
	GlobalSection(ProjectConfigurationPlatforms) = postSolution
		{4719A871-5577-4020-BF2A-01FD4F32410E}.Debug|x64.ActiveCfg = Debug|x64
		{4719A871-5577-4020-BF2A-01FD4F32410E}.Debug|x64.Build.0 = Debug|x64
		{4719A871-5577-4020-BF2A-01FD4F32410E}.Debug|x86.ActiveCfg = Debug|Win32
		{4719A871-5577-4020-BF2A-01FD4F32410E}.Debug|x86.Build.0 = Debug|Win32
		{4719A871-5577-4020-BF2A-01FD4F32410E}.Release|x64.ActiveCfg = Release|x64
		{4719A871-5577-4020-BF2A-01FD4F32410E}.Release|x64.Build.0 = Release|x64
		{4719A871-5577-4020-BF2A-01FD4F32410E}.Release|x86.ActiveCfg = Release|Win32
		{4719A871-5577-4020-BF2A-01FD4F32410E}.Release|x86.Build.0 = Release|Win32
	EndGlobalSection
	GlobalSection(SolutionProperties) = preSolution
		HideSolutionNode = FALSE
	EndGlobalSection
	GlobalSection(ExtensibilityGlobals) = postSolution
		SolutionGuid = {FA5745C3-DF02-4A47-B807-7979201A58F7}
	EndGlobalSection
EndGlobal
